{"1.2.0",
[{<<"gen_smtp">>,{pkg,<<"gen_smtp">>,<<"1.2.0">>},0},
 {<<"jiffy">>,{pkg,<<"jiffy">>,<<"1.1.1">>},0},
 {<<"ranch">>,{pkg,<<"ranch">>,<<"2.1.0">>},1}]}.
[
{pkg_hash,[
 {<<"gen_smtp">>, <<"9CFC75C72A8821588B9B9FE947AE5AB2AED95A052B81237E0928633A13276FD3">>},
 {<<"jiffy">>, <<"ACA10F47AA91697BF24AB9582C74E00E8E95474C7EF9F76D4F1A338D0F5DE21B">>},
 {<<"ranch">>, <<"2261F9ED9574DCFCC444106B9F6DA155E6E540B2F82BA3D42B339B93673B72A3">>}]},
{pkg_hash_ext,[
 {<<"gen_smtp">>, <<"5EE0375680BCA8F20C4D85F58C2894441443A743355430FF33A783FE03296779">>},
 {<<"jiffy">>, <<"62E1F0581C3C19C33A725C781DFA88410D8BFF1BBAFC3885A2552286B4785C4C">>},
 {<<"ranch">>, <<"244EE3FA2A6175270D8E1FC59024FD9DBC76294A321057DE8F803B1479E76916">>}]}
].
